
Microsoft Visual Studio Solution File, Format Version 12.00
# Visual Studio Version 17
VisualStudioVersion = 17.14.36811.4 d17.14
MinimumVisualStudioVersion = 10.0.40219.1
Project("{54A90642-561A-4BB1-A94E-469ADEE60C69}") = "baleconcordia", "BaleConcordia\baleconcordia.esproj", "{3C4C5974-4004-02F1-6F04-5015364A8D6C}"
EndProject
Global
	GlobalSection(SolutionConfigurationPlatforms) = preSolution
		Debug|Any CPU = Debug|Any CPU
		Release|Any CPU = Release|Any CPU
	EndGlobalSection
	GlobalSection(ProjectConfigurationPlatforms) = postSolution
		{3C4C5974-4004-02F1-6F04-5015364A8D6C}.Debug|Any CPU.ActiveCfg = Debug|Any CPU
		{3C4C5974-4004-02F1-6F04-5015364A8D6C}.Debug|Any CPU.Build.0 = Debug|Any CPU
		{3C4C5974-4004-02F1-6F04-5015364A8D6C}.Debug|Any CPU.Deploy.0 = Debug|Any CPU
		{3C4C5974-4004-02F1-6F04-5015364A8D6C}.Release|Any CPU.ActiveCfg = Release|Any CPU
		{3C4C5974-4004-02F1-6F04-5015364A8D6C}.Release|Any CPU.Build.0 = Release|Any CPU
		{3C4C5974-4004-02F1-6F04-5015364A8D6C}.Release|Any CPU.Deploy.0 = Release|Any CPU
	EndGlobalSection
	GlobalSection(SolutionProperties) = preSolution
		HideSolutionNode = FALSE
	EndGlobalSection
	GlobalSection(ExtensibilityGlobals) = postSolution
		SolutionGuid = {8DBB6589-C956-4057-8397-1BCC6C2029B7}
	EndGlobalSection
EndGlobal
